{
  "version": "3",
  "packages": {
    "specifiers": {
      "npm:@patternfly/elements@3.0.1": "npm:@patternfly/elements@3.0.1",
      "npm:workbox-precaching@7.0.0": "npm:workbox-precaching@7.0.0"
    },
    "npm": {
      "@floating-ui/core@1.6.0": {
        "integrity": "sha512-PcF++MykgmTj3CIyOQbKA/hDzOAiqI3mhuoN44WRCopIs1sgoDoU4oty4Jtqaj/y3oDU6fnVSm4QG0a3t5i0+g==",
        "dependencies": {
          "@floating-ui/utils": "@floating-ui/utils@0.2.1"
        }
      },
      "@floating-ui/dom@1.6.3": {
        "integrity": "sha512-RnDthu3mzPlQ31Ss/BTwQ1zjzIhr3lk1gZB1OC56h/1vEtaXkESrOqL5fQVMfXpwGtRwX+YsZBdyHtJMQnkArw==",
        "dependencies": {
          "@floating-ui/core": "@floating-ui/core@1.6.0",
          "@floating-ui/utils": "@floating-ui/utils@0.2.1"
        }
      },
      "@floating-ui/utils@0.2.1": {
        "integrity": "sha512-9TANp6GPoMtYzQdt54kfAyMmz1+osLlXdg2ENroU7zzrtflTLrrC/lgrIfaSe+Wu0b89GKccT7vxXA0MoAIO+Q==",
        "dependencies": {}
      },
      "@lit-labs/ssr-dom-shim@1.2.0": {
        "integrity": "sha512-yWJKmpGE6lUURKAaIltoPIE/wrbY3TEkqQt+X0m+7fQNnAv0keydnYvbiJFP1PnMhizmIWRWOG5KLhYyc/xl+g==",
        "dependencies": {}
      },
      "@lit/context@1.1.1": {
        "integrity": "sha512-q/Rw7oWSJidUP43f/RUPwqZ6f5VlY8HzinTWxL/gW1Hvm2S5q2hZvV+qM8WFcC+oLNNknc3JKsd5TwxLk1hbdg==",
        "dependencies": {
          "@lit/reactive-element": "@lit/reactive-element@2.0.4"
        }
      },
      "@lit/reactive-element@2.0.4": {
        "integrity": "sha512-GFn91inaUa2oHLak8awSIigYz0cU0Payr1rcFsrkf5OJ5eSPxElyZfKh0f2p9FsTiZWXQdWGJeXZICEfXXYSXQ==",
        "dependencies": {
          "@lit-labs/ssr-dom-shim": "@lit-labs/ssr-dom-shim@1.2.0"
        }
      },
      "@patternfly/elements@3.0.1": {
        "integrity": "sha512-vrnpPF1LSuuCRMDsHU6ZUIrAworWPiY+ZtCQ+jv0HQw63ET1X81lmBDCt3o5wKhwswAW08ke6sIDLsZiF2vKJw==",
        "dependencies": {
          "@lit/context": "@lit/context@1.1.1",
          "@patternfly/icons": "@patternfly/icons@1.0.2",
          "@patternfly/pfe-core": "@patternfly/pfe-core@3.0.0",
          "lit": "lit@3.1.3",
          "tslib": "tslib@2.6.2"
        }
      },
      "@patternfly/icons@1.0.2": {
        "integrity": "sha512-/faOTZsKkTPxuCDcWZbunknjUhJIjjN0h+OicNiFWxTq/saLp366cLhdgNf8A46oeGR/21aQTYVXTqcQA1yvOg==",
        "dependencies": {}
      },
      "@patternfly/pfe-core@3.0.0": {
        "integrity": "sha512-zxJ2dksvTsurQ74EHlNWv03P1HH/ZO+axX0XPyjDdkOWpbyL4UDK6x5VXDRRtiZ3CrRs7VX3RbBfB5EQ1gBZ5A==",
        "dependencies": {
          "@floating-ui/dom": "@floating-ui/dom@1.6.3",
          "@lit/context": "@lit/context@1.1.1",
          "lit": "lit@3.1.3"
        }
      },
      "@types/trusted-types@2.0.7": {
        "integrity": "sha512-ScaPdn1dQczgbl0QFTeTOmVHFULt394XJgOQNoyVhZ6r2vLnMLJfBPd53SB52T/3G36VI1/g2MZaX0cwDuXsfw==",
        "dependencies": {}
      },
      "lit-element@4.0.5": {
        "integrity": "sha512-iTWskWZEtn9SyEf4aBG6rKT8GABZMrTWop1+jopsEOgEcugcXJGKuX5bEbkq9qfzY+XB4MAgCaSPwnNpdsNQ3Q==",
        "dependencies": {
          "@lit-labs/ssr-dom-shim": "@lit-labs/ssr-dom-shim@1.2.0",
          "@lit/reactive-element": "@lit/reactive-element@2.0.4",
          "lit-html": "lit-html@3.1.3"
        }
      },
      "lit-html@3.1.3": {
        "integrity": "sha512-FwIbqDD8O/8lM4vUZ4KvQZjPPNx7V1VhT7vmRB8RBAO0AU6wuTVdoXiu2CivVjEGdugvcbPNBLtPE1y0ifplHA==",
        "dependencies": {
          "@types/trusted-types": "@types/trusted-types@2.0.7"
        }
      },
      "lit@3.1.3": {
        "integrity": "sha512-l4slfspEsnCcHVRTvaP7YnkTZEZggNFywLEIhQaGhYDczG+tu/vlgm/KaWIEjIp+ZyV20r2JnZctMb8LeLCG7Q==",
        "dependencies": {
          "@lit/reactive-element": "@lit/reactive-element@2.0.4",
          "lit-element": "lit-element@4.0.5",
          "lit-html": "lit-html@3.1.3"
        }
      },
      "tslib@2.6.2": {
        "integrity": "sha512-AEYxH93jGFPn/a2iVAwW87VuUIkR1FVUKB77NwMF7nBTDkDrrT/Hpt/IrCJ0QXhW27jTBDcf5ZY7w6RiqTMw2Q==",
        "dependencies": {}
      },
      "workbox-core@7.0.0": {
        "integrity": "sha512-81JkAAZtfVP8darBpfRTovHg8DGAVrKFgHpOArZbdFd78VqHr5Iw65f2guwjE2NlCFbPFDoez3D3/6ZvhI/rwQ==",
        "dependencies": {}
      },
      "workbox-precaching@7.0.0": {
        "integrity": "sha512-EC0vol623LJqTJo1mkhD9DZmMP604vHqni3EohhQVwhJlTgyKyOkMrZNy5/QHfOby+39xqC01gv4LjOm4HSfnA==",
        "dependencies": {
          "workbox-core": "workbox-core@7.0.0",
          "workbox-routing": "workbox-routing@7.0.0",
          "workbox-strategies": "workbox-strategies@7.0.0"
        }
      },
      "workbox-routing@7.0.0": {
        "integrity": "sha512-8YxLr3xvqidnbVeGyRGkaV4YdlKkn5qZ1LfEePW3dq+ydE73hUUJJuLmGEykW3fMX8x8mNdL0XrWgotcuZjIvA==",
        "dependencies": {
          "workbox-core": "workbox-core@7.0.0"
        }
      },
      "workbox-strategies@7.0.0": {
        "integrity": "sha512-dg3qJU7tR/Gcd/XXOOo7x9QoCI9nk74JopaJaYAQ+ugLi57gPsXycVdBnYbayVj34m6Y8ppPwIuecrzkpBVwbA==",
        "dependencies": {
          "workbox-core": "workbox-core@7.0.0"
        }
      }
    }
  },
  "remote": {},
  "workspace": {
    "dependencies": [
      "npm:@patternfly/elements@3.0.1",
      "npm:vite-plugin-pwa@0.19.8",
      "npm:workbox-precaching@7.0.0"
    ]
  }
}
